
Microsoft Visual Studio Solution File, Format Version 12.00
# Visual Studio Version 16
VisualStudioVersion = 16.0.29215.179
MinimumVisualStudioVersion = 10.0.40219.1
Project("{FAE04EC0-301F-11D3-BF4B-00C04F79EFBC}") = "ChatApp.Android", "ChatApp.Android\ChatApp.Android.csproj", "{3855AE2A-21DD-4C39-AFA6-70D6DACC011D}"
EndProject
Project("{FAE04EC0-301F-11D3-BF4B-00C04F79EFBC}") = "ChatApp.iOS", "ChatApp.iOS\ChatApp.iOS.csproj", "{5DCC4809-B45D-4140-A192-9571C96C85A5}"
EndProject
Project("{FAE04EC0-301F-11D3-BF4B-00C04F79EFBC}") = "ChatApp", "ChatApp\ChatApp.csproj", "{4054409A-6A02-4030-AA9B-E90E8C146B7C}"
EndProject
Global
	GlobalSection(SolutionConfigurationPlatforms) = preSolution
		Debug|Any CPU = Debug|Any CPU
		Debug|iPhone = Debug|iPhone
		Debug|iPhoneSimulator = Debug|iPhoneSimulator
		Release|Any CPU = Release|Any CPU
		Release|iPhone = Release|iPhone
		Release|iPhoneSimulator = Release|iPhoneSimulator
	EndGlobalSection
	GlobalSection(ProjectConfigurationPlatforms) = postSolution
		{3855AE2A-21DD-4C39-AFA6-70D6DACC011D}.Debug|Any CPU.ActiveCfg = Debug|Any CPU
		{3855AE2A-21DD-4C39-AFA6-70D6DACC011D}.Debug|Any CPU.Build.0 = Debug|Any CPU
		{3855AE2A-21DD-4C39-AFA6-70D6DACC011D}.Debug|Any CPU.Deploy.0 = Debug|Any CPU
		{3855AE2A-21DD-4C39-AFA6-70D6DACC011D}.Debug|iPhone.ActiveCfg = Debug|Any CPU
		{3855AE2A-21DD-4C39-AFA6-70D6DACC011D}.Debug|iPhone.Build.0 = Debug|Any CPU
		{3855AE2A-21DD-4C39-AFA6-70D6DACC011D}.Debug|iPhone.Deploy.0 = Debug|Any CPU
		{3855AE2A-21DD-4C39-AFA6-70D6DACC011D}.Debug|iPhoneSimulator.ActiveCfg = Debug|Any CPU
		{3855AE2A-21DD-4C39-AFA6-70D6DACC011D}.Debug|iPhoneSimulator.Build.0 = Debug|Any CPU
		{3855AE2A-21DD-4C39-AFA6-70D6DACC011D}.Debug|iPhoneSimulator.Deploy.0 = Debug|Any CPU
		{3855AE2A-21DD-4C39-AFA6-70D6DACC011D}.Release|Any CPU.ActiveCfg = Release|Any CPU
		{3855AE2A-21DD-4C39-AFA6-70D6DACC011D}.Release|Any CPU.Build.0 = Release|Any CPU
		{3855AE2A-21DD-4C39-AFA6-70D6DACC011D}.Release|Any CPU.Deploy.0 = Release|Any CPU
		{3855AE2A-21DD-4C39-AFA6-70D6DACC011D}.Release|iPhone.ActiveCfg = Release|Any CPU
		{3855AE2A-21DD-4C39-AFA6-70D6DACC011D}.Release|iPhone.Build.0 = Release|Any CPU
		{3855AE2A-21DD-4C39-AFA6-70D6DACC011D}.Release|iPhone.Deploy.0 = Release|Any CPU
		{3855AE2A-21DD-4C39-AFA6-70D6DACC011D}.Release|iPhoneSimulator.ActiveCfg = Release|Any CPU
		{3855AE2A-21DD-4C39-AFA6-70D6DACC011D}.Release|iPhoneSimulator.Build.0 = Release|Any CPU
		{3855AE2A-21DD-4C39-AFA6-70D6DACC011D}.Release|iPhoneSimulator.Deploy.0 = Release|Any CPU
		{5DCC4809-B45D-4140-A192-9571C96C85A5}.Debug|Any CPU.ActiveCfg = Debug|iPhoneSimulator
		{5DCC4809-B45D-4140-A192-9571C96C85A5}.Debug|Any CPU.Build.0 = Debug|iPhoneSimulator
		{5DCC4809-B45D-4140-A192-9571C96C85A5}.Debug|Any CPU.Deploy.0 = Debug|iPhoneSimulator
		{5DCC4809-B45D-4140-A192-9571C96C85A5}.Debug|iPhone.ActiveCfg = Debug|iPhone
		{5DCC4809-B45D-4140-A192-9571C96C85A5}.Debug|iPhone.Build.0 = Debug|iPhone
		{5DCC4809-B45D-4140-A192-9571C96C85A5}.Debug|iPhone.Deploy.0 = Debug|iPhone
		{5DCC4809-B45D-4140-A192-9571C96C85A5}.Debug|iPhoneSimulator.ActiveCfg = Debug|iPhoneSimulator
		{5DCC4809-B45D-4140-A192-9571C96C85A5}.Debug|iPhoneSimulator.Build.0 = Debug|iPhoneSimulator
		{5DCC4809-B45D-4140-A192-9571C96C85A5}.Debug|iPhoneSimulator.Deploy.0 = Debug|iPhoneSimulator
		{5DCC4809-B45D-4140-A192-9571C96C85A5}.Release|Any CPU.ActiveCfg = Release|iPhone
		{5DCC4809-B45D-4140-A192-9571C96C85A5}.Release|Any CPU.Build.0 = Release|iPhone
		{5DCC4809-B45D-4140-A192-9571C96C85A5}.Release|Any CPU.Deploy.0 = Release|iPhone
		{5DCC4809-B45D-4140-A192-9571C96C85A5}.Release|iPhone.ActiveCfg = Release|iPhone
		{5DCC4809-B45D-4140-A192-9571C96C85A5}.Release|iPhone.Build.0 = Release|iPhone
		{5DCC4809-B45D-4140-A192-9571C96C85A5}.Release|iPhone.Deploy.0 = Release|iPhone
		{5DCC4809-B45D-4140-A192-9571C96C85A5}.Release|iPhoneSimulator.ActiveCfg = Release|iPhoneSimulator
		{5DCC4809-B45D-4140-A192-9571C96C85A5}.Release|iPhoneSimulator.Build.0 = Release|iPhoneSimulator
		{5DCC4809-B45D-4140-A192-9571C96C85A5}.Release|iPhoneSimulator.Deploy.0 = Release|iPhoneSimulator
		{4054409A-6A02-4030-AA9B-E90E8C146B7C}.Debug|Any CPU.ActiveCfg = Debug|Any CPU
		{4054409A-6A02-4030-AA9B-E90E8C146B7C}.Debug|Any CPU.Build.0 = Debug|Any CPU
		{4054409A-6A02-4030-AA9B-E90E8C146B7C}.Debug|Any CPU.Deploy.0 = Debug|Any CPU
		{4054409A-6A02-4030-AA9B-E90E8C146B7C}.Debug|iPhone.ActiveCfg = Debug|Any CPU
		{4054409A-6A02-4030-AA9B-E90E8C146B7C}.Debug|iPhone.Build.0 = Debug|Any CPU
		{4054409A-6A02-4030-AA9B-E90E8C146B7C}.Debug|iPhone.Deploy.0 = Debug|Any CPU
		{4054409A-6A02-4030-AA9B-E90E8C146B7C}.Debug|iPhoneSimulator.ActiveCfg = Debug|Any CPU
		{4054409A-6A02-4030-AA9B-E90E8C146B7C}.Debug|iPhoneSimulator.Build.0 = Debug|Any CPU
		{4054409A-6A02-4030-AA9B-E90E8C146B7C}.Debug|iPhoneSimulator.Deploy.0 = Debug|Any CPU
		{4054409A-6A02-4030-AA9B-E90E8C146B7C}.Release|Any CPU.ActiveCfg = Release|Any CPU
		{4054409A-6A02-4030-AA9B-E90E8C146B7C}.Release|Any CPU.Build.0 = Release|Any CPU
		{4054409A-6A02-4030-AA9B-E90E8C146B7C}.Release|Any CPU.Deploy.0 = Release|Any CPU
		{4054409A-6A02-4030-AA9B-E90E8C146B7C}.Release|iPhone.ActiveCfg = Release|Any CPU
		{4054409A-6A02-4030-AA9B-E90E8C146B7C}.Release|iPhone.Build.0 = Release|Any CPU
		{4054409A-6A02-4030-AA9B-E90E8C146B7C}.Release|iPhone.Deploy.0 = Release|Any CPU
		{4054409A-6A02-4030-AA9B-E90E8C146B7C}.Release|iPhoneSimulator.ActiveCfg = Release|Any CPU
		{4054409A-6A02-4030-AA9B-E90E8C146B7C}.Release|iPhoneSimulator.Build.0 = Release|Any CPU
		{4054409A-6A02-4030-AA9B-E90E8C146B7C}.Release|iPhoneSimulator.Deploy.0 = Release|Any CPU
	EndGlobalSection
	GlobalSection(SolutionProperties) = preSolution
		HideSolutionNode = FALSE
	EndGlobalSection
	GlobalSection(ExtensibilityGlobals) = postSolution
		SolutionGuid = {34CEF093-64AA-457C-B820-E7795B3BD22C}
	EndGlobalSection
EndGlobal
